// !$*UTF8*$!
{
	archiveVersion = 1;
	classes = {
	};
	objectVersion = 46;
	objects = {

/* Begin PBXBuildFile section */
		8E5FAF321E95E1E900567DA1 /* main.m in Sources */ = {isa = PBXBuildFile; fileRef = 8E5FAF311E95E1E900567DA1 /* main.m */; };
		8E5FAF351E95E1E900567DA1 /* AppDelegate.m in Sources */ = {isa = PBXBuildFile; fileRef = 8E5FAF341E95E1E900567DA1 /* AppDelegate.m */; };
		8E5FAF381E95E1E900567DA1 /* ViewController.m in Sources */ = {isa = PBXBuildFile; fileRef = 8E5FAF371E95E1E900567DA1 /* ViewController.m */; };
		8E5FAF3B1E95E1E900567DA1 /* Main.storyboard in Resources */ = {isa = PBXBuildFile; fileRef = 8E5FAF391E95E1E900567DA1 /* Main.storyboard */; };
		8E5FAF3D1E95E1E900567DA1 /* Assets.xcassets in Resources */ = {isa = PBXBuildFile; fileRef = 8E5FAF3C1E95E1E900567DA1 /* Assets.xcassets */; };
		8E5FAF401E95E1E900567DA1 /* LaunchScreen.storyboard in Resources */ = {isa = PBXBuildFile; fileRef = 8E5FAF3E1E95E1E900567DA1 /* LaunchScreen.storyboard */; };
/* End PBXBuildFile section */

/* Begin PBXFileReference section */
		8E5FAF2D1E95E1E900567DA1 /* shijian.app */ = {isa = PBXFileReference; explicitFileType = wrapper.application; includeInIndex = 0; path = shijian.app; sourceTree = BUILT_PRODUCTS_DIR; };
		8E5FAF311E95E1E900567DA1 /* main.m */ = {isa = PBXFileReference; lastKnownFileType = sourcecode.c.objc; path = main.m; sourceTree = "<group>"; };
		8E5FAF331E95E1E900567DA1 /* AppDelegate.h */ = {isa = PBXFileReference; lastKnownFileType = sourcecode.c.h; path = AppDelegate.h; sourceTree = "<group>"; };
		8E5FAF341E95E1E900567DA1 /* AppDelegate.m */ = {isa = PBXFileReference; lastKnownFileType = sourcecode.c.objc; path = AppDelegate.m; sourceTree = "<group>"; };
		8E5FAF361E95E1E900567DA1 /* ViewController.h */ = {isa = PBXFileReference; lastKnownFileType = sourcecode.c.h; path = ViewController.h; sourceTree = "<group>"; };
		8E5FAF371E95E1E900567DA1 /* ViewController.m */ = {isa = PBXFileReference; lastKnownFileType = sourcecode.c.objc; path = ViewController.m; sourceTree = "<group>"; };
		8E5FAF3A1E95E1E900567DA1 /* Base */ = {isa = PBXFileReference; lastKnownFileType = file.storyboard; name = Base; path = Base.lproj/Main.storyboard; sourceTree = "<group>"; };
		8E5FAF3C1E95E1E900567DA1 /* Assets.xcassets */ = {isa = PBXFileReference; lastKnownFileType = folder.assetcatalog; path = Assets.xcassets; sourceTree = "<group>"; };
		8E5FAF3F1E95E1E900567DA1 /* Base */ = {isa = PBXFileReference; lastKnownFileType = file.storyboard; name = Base; path = Base.lproj/LaunchScreen.storyboard; sourceTree = "<group>"; };
		8E5FAF411E95E1E900567DA1 /* Info.plist */ = {isa = PBXFileReference; lastKnownFileType = text.plist.xml; path = Info.plist; sourceTree = "<group>"; };
/* End PBXFileReference section */

/* Begin PBXFrameworksBuildPhase section */
		8E5FAF2A1E95E1E900567DA1 /* Frameworks */ = {
			isa = PBXFrameworksBuildPhase;
			buildActionMask = 2147483647;
			files = (
			);
			runOnlyForDeploymentPostprocessing = 0;
		};
/* End PBXFrameworksBuildPhase section */

/* Begin PBXGroup section */
		8E5FAF241E95E1E900567DA1 = {
			isa = PBXGroup;
			children = (
				8E5FAF2F1E95E1E900567DA1 /* shijian */,
				8E5FAF2E1E95E1E900567DA1 /* Products */,
			);
			sourceTree = "<group>";
		};
		8E5FAF2E1E95E1E900567DA1 /* Products */ = {
			isa = PBXGroup;
			children = (
				8E5FAF2D1E95E1E900567DA1 /* shijian.app */,
			);
			name = Products;
			sourceTree = "<group>";
		};
		8E5FAF2F1E95E1E900567DA1 /* shijian */ = {
			isa = PBXGroup;
			children = (
				8E5FAF331E95E1E900567DA1 /* AppDelegate.h */,
				8E5FAF341E95E1E900567DA1 /* AppDelegate.m */,
				8E5FAF361E95E1E900567DA1 /* ViewController.h */,
				8E5FAF371E95E1E900567DA1 /* ViewController.m */,
				8E5FAF391E95E1E900567DA1 /* Main.storyboard */,
				8E5FAF3C1E95E1E900567DA1 /* Assets.xcassets */,
				8E5FAF3E1E95E1E900567DA1 /* LaunchScreen.storyboard */,
				8E5FAF411E95E1E900567DA1 /* Info.plist */,
				8E5FAF301E95E1E900567DA1 /* Supporting Files */,
			);
			path = shijian;
			sourceTree = "<group>";
		};
		8E5FAF301E95E1E900567DA1 /* Supporting Files */ = {
			isa = PBXGroup;
			children = (
				8E5FAF311E95E1E900567DA1 /* main.m */,
			);
			name = "Supporting Files";
			sourceTree = "<group>";
		};
/* End PBXGroup section */

/* Begin PBXNativeTarget section */
		8E5FAF2C1E95E1E900567DA1 /* shijian */ = {
			isa = PBXNativeTarget;
			buildConfigurationList = 8E5FAF441E95E1E900567DA1 /* Build configuration list for PBXNativeTarget "shijian" */;
			buildPhases = (
				8E5FAF291E95E1E900567DA1 /* Sources */,
				8E5FAF2A1E95E1E900567DA1 /* Frameworks */,
				8E5FAF2B1E95E1E900567DA1 /* Resources */,
			);
			buildRules = (
			);
			dependencies = (
			);
			name = shijian;
			productName = shijian;
			productReference = 8E5FAF2D1E95E1E900567DA1 /* shijian.app */;
			productType = "com.apple.product-type.application";
		};
/* End PBXNativeTarget section */

/* Begin PBXProject section */
		8E5FAF251E95E1E900567DA1 /* Project object */ = {
			isa = PBXProject;
			attributes = {
				LastUpgradeCheck = 0830;
				ORGANIZATIONNAME = com.ASS;
				TargetAttributes = {
					8E5FAF2C1E95E1E900567DA1 = {
						CreatedOnToolsVersion = 8.3;
						ProvisioningStyle = Automatic;
					};
				};
			};
			buildConfigurationList = 8E5FAF281E95E1E900567DA1 /* Build configuration list for PBXProject "shijian" */;
			compatibilityVersion = "Xcode 3.2";
			developmentRegion = English;
			hasScannedForEncodings = 0;
			knownRegions = (
				en,
				Base,
			);
			mainGroup = 8E5FAF241E95E1E900567DA1;
			productRefGroup = 8E5FAF2E1E95E1E900567DA1 /* Products */;
			projectDirPath = "";
			projectRoot = "";
			targets = (
				8E5FAF2C1E95E1E900567DA1 /* shijian */,
			);
		};
/* End PBXProject section */

/* Begin PBXResourcesBuildPhase section */
		8E5FAF2B1E95E1E900567DA1 /* Resources */ = {
			isa = PBXResourcesBuildPhase;
			buildActionMask = 2147483647;
			files = (
				8E5FAF401E95E1E900567DA1 /* LaunchScreen.storyboard in Resources */,
				8E5FAF3D1E95E1E900567DA1 /* Assets.xcassets in Resources */,
				8E5FAF3B1E95E1E900567DA1 /* Main.storyboard in Resources */,
			);
			runOnlyForDeploymentPostprocessing = 0;
		};
/* End PBXResourcesBuildPhase section */

/* Begin PBXSourcesBuildPhase section */
		8E5FAF291E95E1E900567DA1 /* Sources */ = {
			isa = PBXSourcesBuildPhase;
			buildActionMask = 2147483647;
			files = (
				8E5FAF381E95E1E900567DA1 /* ViewController.m in Sources */,
				8E5FAF351E95E1E900567DA1 /* AppDelegate.m in Sources */,
				8E5FAF321E95E1E900567DA1 /* main.m in Sources */,
			);
			runOnlyForDeploymentPostprocessing = 0;
		};
/* End PBXSourcesBuildPhase section */

/* Begin PBXVariantGroup section */
		8E5FAF391E95E1E900567DA1 /* Main.storyboard */ = {
			isa = PBXVariantGroup;
			children = (
				8E5FAF3A1E95E1E900567DA1 /* Base */,
			);
			name = Main.storyboard;
			sourceTree = "<group>";
		};
		8E5FAF3E1E95E1E900567DA1 /* LaunchScreen.storyboard */ = {
			isa = PBXVariantGroup;
			children = (
				8E5FAF3F1E95E1E900567DA1 /* Base */,
			);
			name = LaunchScreen.storyboard;
			sourceTree = "<group>";
		};
/* End PBXVariantGroup section */

/* Begin XCBuildConfiguration section */
		8E5FAF421E95E1E900567DA1 /* Debug */ = {
			isa = XCBuildConfiguration;
			buildSettings = {
				ALWAYS_SEARCH_USER_PATHS = NO;
				CLANG_ANALYZER_NONNULL = YES;
				CLANG_ANALYZER_NUMBER_OBJECT_CONVERSION = YES_AGGRESSIVE;
				CLANG_CXX_LANGUAGE_STANDARD = "gnu++0x";
				CLANG_CXX_LIBRARY = "libc++";
				CLANG_ENABLE_MODULES = YES;
				CLANG_ENABLE_OBJC_ARC = YES;
				CLANG_WARN_BOOL_CONVERSION = YES;
				CLANG_WARN_CONSTANT_CONVERSION = YES;
				CLANG_WARN_DIRECT_OBJC_ISA_USAGE = YES_ERROR;
				CLANG_WARN_DOCUMENTATION_COMMENTS = YES;
				CLANG_WARN_EMPTY_BODY = YES;
				CLANG_WARN_ENUM_CONVERSION = YES;
				CLANG_WARN_INFINITE_RECURSION = YES;
				CLANG_WARN_INT_CONVERSION = YES;
				CLANG_WARN_OBJC_ROOT_CLASS = YES_ERROR;
				CLANG_WARN_SUSPICIOUS_MOVE = YES;
				CLANG_WARN_UNREACHABLE_CODE = YES;
				CLANG_WARN__DUPLICATE_METHOD_MATCH = YES;
				"CODE_SIGN_IDENTITY[sdk=iphoneos*]" = "iPhone Developer";
				COPY_PHASE_STRIP = NO;
				DEBUG_INFORMATION_FORMAT = dwarf;
				ENABLE_STRICT_OBJC_MSGSEND = YES;
				ENABLE_TESTABILITY = YES;
				GCC_C_LANGUAGE_STANDARD = gnu99;
				GCC_DYNAMIC_NO_PIC = NO;
				GCC_NO_COMMON_BLOCKS = YES;
				GCC_OPTIMIZATION_LEVEL = 0;
				GCC_PREPROCESSOR_DEFINITIONS = (
					"DEBUG=1",
					"$(inherited)",
				);
				GCC_WARN_64_TO_32_BIT_CONVERSION = YES;
				GCC_WARN_ABOUT_RETURN_TYPE = YES_ERROR;
				GCC_WARN_UNDECLARED_SELECTOR = YES;
				GCC_WARN_UNINITIALIZED_AUTOS = YES_AGGRESSIVE;
				GCC_WARN_UNUSED_FUNCTION = YES;
				GCC_WARN_UNUSED_VARIABLE = YES;
				IPHONEOS_DEPLOYMENT_TARGET = 10.3;
				MTL_ENABLE_DEBUG_INFO = YES;
				ONLY_ACTIVE_ARCH = YES;
				SDKROOT = iphoneos;
				TARGETED_DEVICE_FAMILY = "1,2";
			};
			name = Debug;
		};
		8E5FAF431E95E1E900567DA1 /* Release */ = {
			isa = XCBuildConfiguration;
			buildSettings = {
				ALWAYS_SEARCH_USER_PATHS = NO;
				CLANG_ANALYZER_NONNULL = YES;
				CLANG_ANALYZER_NUMBER_OBJECT_CONVERSION = YES_AGGRESSIVE;
				CLANG_CXX_LANGUAGE_STANDARD = "gnu++0x";
				CLANG_CXX_LIBRARY = "libc++";
				CLANG_ENABLE_MODULES = YES;
				CLANG_ENABLE_OBJC_ARC = YES;
				CLANG_WARN_BOOL_CONVERSION = YES;
				CLANG_WARN_CONSTANT_CONVERSION = YES;
				CLANG_WARN_DIRECT_OBJC_ISA_USAGE = YES_ERROR;
				CLANG_WARN_DOCUMENTATION_COMMENTS = YES;
				CLANG_WARN_EMPTY_BODY = YES;
				CLANG_WARN_ENUM_CONVERSION = YES;
				CLANG_WARN_INFINITE_RECURSION = YES;
				CLANG_WARN_INT_CONVERSION = YES;
				CLANG_WARN_OBJC_ROOT_CLASS = YES_ERROR;
				CLANG_WARN_SUSPICIOUS_MOVE = YES;
				CLANG_WARN_UNREACHABLE_CODE = YES;
				CLANG_WARN__DUPLICATE_METHOD_MATCH = YES;
				"CODE_SIGN_IDENTITY[sdk=iphoneos*]" = "iPhone Developer";
				COPY_PHASE_STRIP = NO;
				DEBUG_INFORMATION_FORMAT = "dwarf-with-dsym";
				ENABLE_NS_ASSERTIONS = NO;
				ENABLE_STRICT_OBJC_MSGSEND = YES;
				GCC_C_LANGUAGE_STANDARD = gnu99;
				GCC_NO_COMMON_BLOCKS = YES;
				GCC_WARN_64_TO_32_BIT_CONVERSION = YES;
				GCC_WARN_ABOUT_RETURN_TYPE = YES_ERROR;
				GCC_WARN_UNDECLARED_SELECTOR = YES;
				GCC_WARN_UNINITIALIZED_AUTOS = YES_AGGRESSIVE;
				GCC_WARN_UNUSED_FUNCTION = YES;
				GCC_WARN_UNUSED_VARIABLE = YES;
				IPHONEOS_DEPLOYMENT_TARGET = 10.3;
				MTL_ENABLE_DEBUG_INFO = NO;
				SDKROOT = iphoneos;
				TARGETED_DEVICE_FAMILY = "1,2";
				VALIDATE_PRODUCT = YES;
			};
			name = Release;
		};
		8E5FAF451E95E1E900567DA1 /* Debug */ = {
			isa = XCBuildConfiguration;
			buildSettings = {
				ASSETCATALOG_COMPILER_APPICON_NAME = AppIcon;
				INFOPLIST_FILE = shijian/Info.plist;
				LD_RUNPATH_SEARCH_PATHS = "$(inherited) @executable_path/Frameworks";
				PRODUCT_BUNDLE_IDENTIFIER = APP.shijian;
				PRODUCT_NAME = "$(TARGET_NAME)";
			};
			name = Debug;
		};
		8E5FAF461E95E1E900567DA1 /* Release */ = {
			isa = XCBuildConfiguration;
			buildSettings = {
				ASSETCATALOG_COMPILER_APPICON_NAME = AppIcon;
				INFOPLIST_FILE = shijian/Info.plist;
				LD_RUNPATH_SEARCH_PATHS = "$(inherited) @executable_path/Frameworks";
				PRODUCT_BUNDLE_IDENTIFIER = APP.shijian;
				PRODUCT_NAME = "$(TARGET_NAME)";
			};
			name = Release;
		};
/* End XCBuildConfiguration section */

/* Begin XCConfigurationList section */
		8E5FAF281E95E1E900567DA1 /* Build configuration list for PBXProject "shijian" */ = {
			isa = XCConfigurationList;
			buildConfigurations = (
				8E5FAF421E95E1E900567DA1 /* Debug */,
				8E5FAF431E95E1E900567DA1 /* Release */,
			);
			defaultConfigurationIsVisible = 0;
			defaultConfigurationName = Release;
		};
		8E5FAF441E95E1E900567DA1 /* Build configuration list for PBXNativeTarget "shijian" */ = {
			isa = XCConfigurationList;
			buildConfigurations = (
				8E5FAF451E95E1E900567DA1 /* Debug */,
				8E5FAF461E95E1E900567DA1 /* Release */,
			);
			defaultConfigurationIsVisible = 0;
		};
/* End XCConfigurationList section */
	};
	rootObject = 8E5FAF251E95E1E900567DA1 /* Project object */;
}
